
Microsoft Visual Studio Solution File, Format Version 12.00
# Visual Studio 15
VisualStudioVersion = 15.0.26730.16
MinimumVisualStudioVersion = 10.0.40219.1
Project("{FAE04EC0-301F-11D3-BF4B-00C04F79EFBC}") = "EFCore2", "EFCore2\EFCore2.csproj", "{BA3145B6-5E78-49E7-BA73-3B7181CE8CD5}"
EndProject
Project("{FAE04EC0-301F-11D3-BF4B-00C04F79EFBC}") = "EFCore2WebAPI", "EFCore2WebAPI\EFCore2WebAPI.csproj", "{313BE68F-87D5-4B90-A6F3-029DED505F8D}"
EndProject
Global
	GlobalSection(SolutionConfigurationPlatforms) = preSolution
		Debug|Any CPU = Debug|Any CPU
		Release|Any CPU = Release|Any CPU
	EndGlobalSection
	GlobalSection(ProjectConfigurationPlatforms) = postSolution
		{BA3145B6-5E78-49E7-BA73-3B7181CE8CD5}.Debug|Any CPU.ActiveCfg = Debug|Any CPU
		{BA3145B6-5E78-49E7-BA73-3B7181CE8CD5}.Debug|Any CPU.Build.0 = Debug|Any CPU
		{BA3145B6-5E78-49E7-BA73-3B7181CE8CD5}.Release|Any CPU.ActiveCfg = Release|Any CPU
		{BA3145B6-5E78-49E7-BA73-3B7181CE8CD5}.Release|Any CPU.Build.0 = Release|Any CPU
		{313BE68F-87D5-4B90-A6F3-029DED505F8D}.Debug|Any CPU.ActiveCfg = Debug|Any CPU
		{313BE68F-87D5-4B90-A6F3-029DED505F8D}.Debug|Any CPU.Build.0 = Debug|Any CPU
		{313BE68F-87D5-4B90-A6F3-029DED505F8D}.Release|Any CPU.ActiveCfg = Release|Any CPU
		{313BE68F-87D5-4B90-A6F3-029DED505F8D}.Release|Any CPU.Build.0 = Release|Any CPU
	EndGlobalSection
	GlobalSection(SolutionProperties) = preSolution
		HideSolutionNode = FALSE
	EndGlobalSection
	GlobalSection(ExtensibilityGlobals) = postSolution
		SolutionGuid = {B099A45F-ED8C-44CE-A0F4-36AA866D06B5}
	EndGlobalSection
EndGlobal
